
Microsoft Visual Studio Solution File, Format Version 12.00
# Visual Studio Version 17
VisualStudioVersion = 17.8.34511.84
MinimumVisualStudioVersion = 10.0.40219.1
Project("{8BC9CEB8-8B4A-11D0-8D11-00A0C91BC942}") = "Proyecto3D", "Proyecto3D\Proyecto3D.vcxproj", "{ADA3E3B8-BFEC-419B-8827-91D6F4AF9A21}"
EndProject
Global
	GlobalSection(SolutionConfigurationPlatforms) = preSolution
		Debug|x64 = Debug|x64
		Debug|x86 = Debug|x86
		Release|x64 = Release|x64
		Release|x86 = Release|x86
	EndGlobalSection
	GlobalSection(ProjectConfigurationPlatforms) = postSolution
		{ADA3E3B8-BFEC-419B-8827-91D6F4AF9A21}.Debug|x64.ActiveCfg = Debug|x64
		{ADA3E3B8-BFEC-419B-8827-91D6F4AF9A21}.Debug|x64.Build.0 = Debug|x64
		{ADA3E3B8-BFEC-419B-8827-91D6F4AF9A21}.Debug|x86.ActiveCfg = Debug|Win32
		{ADA3E3B8-BFEC-419B-8827-91D6F4AF9A21}.Debug|x86.Build.0 = Debug|Win32
		{ADA3E3B8-BFEC-419B-8827-91D6F4AF9A21}.Release|x64.ActiveCfg = Release|x64
		{ADA3E3B8-BFEC-419B-8827-91D6F4AF9A21}.Release|x64.Build.0 = Release|x64
		{ADA3E3B8-BFEC-419B-8827-91D6F4AF9A21}.Release|x86.ActiveCfg = Release|Win32
		{ADA3E3B8-BFEC-419B-8827-91D6F4AF9A21}.Release|x86.Build.0 = Release|Win32
	EndGlobalSection
	GlobalSection(SolutionProperties) = preSolution
		HideSolutionNode = FALSE
	EndGlobalSection
	GlobalSection(ExtensibilityGlobals) = postSolution
		SolutionGuid = {055547B6-8B5D-4FDC-9D50-290CD1D6F30B}
	EndGlobalSection
EndGlobal
